
Microsoft Visual Studio Solution File, Format Version 12.00
# Visual Studio Version 17
VisualStudioVersion = 17.6.33829.357
MinimumVisualStudioVersion = 10.0.40219.1
Project("{FAE04EC0-301F-11D3-BF4B-00C04F79EFBC}") = "Assignment", "Assignment.csproj", "{FCF1F7AE-5B9E-41E6-8D7F-07B2A6D3C13C}"
EndProject
Global
	GlobalSection(SolutionConfigurationPlatforms) = preSolution
		Debug|Any CPU = Debug|Any CPU
		Release|Any CPU = Release|Any CPU
	EndGlobalSection
	GlobalSection(ProjectConfigurationPlatforms) = postSolution
		{FCF1F7AE-5B9E-41E6-8D7F-07B2A6D3C13C}.Debug|Any CPU.ActiveCfg = Debug|Any CPU
		{FCF1F7AE-5B9E-41E6-8D7F-07B2A6D3C13C}.Debug|Any CPU.Build.0 = Debug|Any CPU
		{FCF1F7AE-5B9E-41E6-8D7F-07B2A6D3C13C}.Release|Any CPU.ActiveCfg = Release|Any CPU
		{FCF1F7AE-5B9E-41E6-8D7F-07B2A6D3C13C}.Release|Any CPU.Build.0 = Release|Any CPU
	EndGlobalSection
	GlobalSection(SolutionProperties) = preSolution
		HideSolutionNode = FALSE
	EndGlobalSection
	GlobalSection(ExtensibilityGlobals) = postSolution
		SolutionGuid = {A43FF728-86FB-4590-AE01-775DCA7B4647}
	EndGlobalSection
EndGlobal
